
Microsoft Visual Studio Solution File, Format Version 12.00
# Visual Studio Version 17
VisualStudioVersion = 17.4.33213.308
MinimumVisualStudioVersion = 10.0.40219.1
Project("{FAE04EC0-301F-11D3-BF4B-00C04F79EFBC}") = "EjerciciosLenguage", "EjerciciosLenguage\EjerciciosLenguage.csproj", "{717A61D8-9E24-41B1-84EB-9FF75EC5CDEF}"
EndProject
Global
	GlobalSection(SolutionConfigurationPlatforms) = preSolution
		Debug|Any CPU = Debug|Any CPU
		Release|Any CPU = Release|Any CPU
	EndGlobalSection
	GlobalSection(ProjectConfigurationPlatforms) = postSolution
		{717A61D8-9E24-41B1-84EB-9FF75EC5CDEF}.Debug|Any CPU.ActiveCfg = Debug|Any CPU
		{717A61D8-9E24-41B1-84EB-9FF75EC5CDEF}.Debug|Any CPU.Build.0 = Debug|Any CPU
		{717A61D8-9E24-41B1-84EB-9FF75EC5CDEF}.Release|Any CPU.ActiveCfg = Release|Any CPU
		{717A61D8-9E24-41B1-84EB-9FF75EC5CDEF}.Release|Any CPU.Build.0 = Release|Any CPU
	EndGlobalSection
	GlobalSection(SolutionProperties) = preSolution
		HideSolutionNode = FALSE
	EndGlobalSection
	GlobalSection(ExtensibilityGlobals) = postSolution
		SolutionGuid = {883B9BF7-7176-4718-9F25-0C49427A59CB}
	EndGlobalSection
EndGlobal
